
Microsoft Visual Studio Solution File, Format Version 12.00
# Visual Studio Version 17
VisualStudioVersion = 17.12.35514.174 d17.12
MinimumVisualStudioVersion = 10.0.40219.1
Project("{FAE04EC0-301F-11D3-BF4B-00C04F79EFBC}") = "WebServiceSoap", "WebServiceSoap\WebServiceSoap.csproj", "{372B6F90-AB4D-4BC2-8405-A42B3A6DD4C2}"
EndProject
Global
	GlobalSection(SolutionConfigurationPlatforms) = preSolution
		Debug|Any CPU = Debug|Any CPU
		Release|Any CPU = Release|Any CPU
	EndGlobalSection
	GlobalSection(ProjectConfigurationPlatforms) = postSolution
		{372B6F90-AB4D-4BC2-8405-A42B3A6DD4C2}.Debug|Any CPU.ActiveCfg = Debug|Any CPU
		{372B6F90-AB4D-4BC2-8405-A42B3A6DD4C2}.Debug|Any CPU.Build.0 = Debug|Any CPU
		{372B6F90-AB4D-4BC2-8405-A42B3A6DD4C2}.Release|Any CPU.ActiveCfg = Release|Any CPU
		{372B6F90-AB4D-4BC2-8405-A42B3A6DD4C2}.Release|Any CPU.Build.0 = Release|Any CPU
	EndGlobalSection
	GlobalSection(SolutionProperties) = preSolution
		HideSolutionNode = FALSE
	EndGlobalSection
EndGlobal
